
Microsoft Visual Studio Solution File, Format Version 12.00
# Visual Studio Version 17
VisualStudioVersion = 17.5.33530.505
MinimumVisualStudioVersion = 10.0.40219.1
Project("{FAE04EC0-301F-11D3-BF4B-00C04F79EFBC}") = "W2-TimedMath", "W2-TimedMath\W2-TimedMath.csproj", "{395ECD1E-9863-41F7-8CB3-A97C826B1865}"
EndProject
Global
	GlobalSection(SolutionConfigurationPlatforms) = preSolution
		Debug|Any CPU = Debug|Any CPU
		Release|Any CPU = Release|Any CPU
	EndGlobalSection
	GlobalSection(ProjectConfigurationPlatforms) = postSolution
		{395ECD1E-9863-41F7-8CB3-A97C826B1865}.Debug|Any CPU.ActiveCfg = Debug|Any CPU
		{395ECD1E-9863-41F7-8CB3-A97C826B1865}.Debug|Any CPU.Build.0 = Debug|Any CPU
		{395ECD1E-9863-41F7-8CB3-A97C826B1865}.Release|Any CPU.ActiveCfg = Release|Any CPU
		{395ECD1E-9863-41F7-8CB3-A97C826B1865}.Release|Any CPU.Build.0 = Release|Any CPU
	EndGlobalSection
	GlobalSection(SolutionProperties) = preSolution
		HideSolutionNode = FALSE
	EndGlobalSection
	GlobalSection(ExtensibilityGlobals) = postSolution
		SolutionGuid = {96F15C95-73BE-4454-84AF-0869B50CE750}
	EndGlobalSection
EndGlobal
