
Microsoft Visual Studio Solution File, Format Version 12.00
# Visual Studio Version 17
VisualStudioVersion = 17.6.33815.320
MinimumVisualStudioVersion = 10.0.40219.1
Project("{FAE04EC0-301F-11D3-BF4B-00C04F79EFBC}") = "ContosoUniversity", "ContosoUniversity\ContosoUniversity.csproj", "{6659C0F3-ADDA-43F2-8660-E0B349A77439}"
EndProject
Global
	GlobalSection(SolutionConfigurationPlatforms) = preSolution
		Debug|Any CPU = Debug|Any CPU
		Release|Any CPU = Release|Any CPU
	EndGlobalSection
	GlobalSection(ProjectConfigurationPlatforms) = postSolution
		{6659C0F3-ADDA-43F2-8660-E0B349A77439}.Debug|Any CPU.ActiveCfg = Debug|Any CPU
		{6659C0F3-ADDA-43F2-8660-E0B349A77439}.Debug|Any CPU.Build.0 = Debug|Any CPU
		{6659C0F3-ADDA-43F2-8660-E0B349A77439}.Release|Any CPU.ActiveCfg = Release|Any CPU
		{6659C0F3-ADDA-43F2-8660-E0B349A77439}.Release|Any CPU.Build.0 = Release|Any CPU
	EndGlobalSection
	GlobalSection(SolutionProperties) = preSolution
		HideSolutionNode = FALSE
	EndGlobalSection
	GlobalSection(ExtensibilityGlobals) = postSolution
		SolutionGuid = {6FF8B0FB-F93F-491F-91A9-AECFED29D068}
	EndGlobalSection
EndGlobal
