
Microsoft Visual Studio Solution File, Format Version 12.00
# Visual Studio Version 17
VisualStudioVersion = 17.6.33712.159
MinimumVisualStudioVersion = 10.0.40219.1
Project("{FAE04EC0-301F-11D3-BF4B-00C04F79EFBC}") = "MvcMovie", "MvcMovie\MvcMovie.csproj", "{A5F92B82-3048-4F9A-BC1E-F6681EF03B12}"
EndProject
Global
	GlobalSection(SolutionConfigurationPlatforms) = preSolution
		Debug|Any CPU = Debug|Any CPU
		Release|Any CPU = Release|Any CPU
	EndGlobalSection
	GlobalSection(ProjectConfigurationPlatforms) = postSolution
		{A5F92B82-3048-4F9A-BC1E-F6681EF03B12}.Debug|Any CPU.ActiveCfg = Debug|Any CPU
		{A5F92B82-3048-4F9A-BC1E-F6681EF03B12}.Debug|Any CPU.Build.0 = Debug|Any CPU
		{A5F92B82-3048-4F9A-BC1E-F6681EF03B12}.Release|Any CPU.ActiveCfg = Release|Any CPU
		{A5F92B82-3048-4F9A-BC1E-F6681EF03B12}.Release|Any CPU.Build.0 = Release|Any CPU
	EndGlobalSection
	GlobalSection(SolutionProperties) = preSolution
		HideSolutionNode = FALSE
	EndGlobalSection
	GlobalSection(ExtensibilityGlobals) = postSolution
		SolutionGuid = {F358DAE1-780C-4056-BF3F-666EA6BBD746}
	EndGlobalSection
EndGlobal
