
Microsoft Visual Studio Solution File, Format Version 12.00
# Visual Studio Version 17
VisualStudioVersion = 17.6.33712.159
MinimumVisualStudioVersion = 10.0.40219.1
Project("{FAE04EC0-301F-11D3-BF4B-00C04F79EFBC}") = "RazorPages", "RazorPages\RazorPages.csproj", "{4161B132-97FB-4B2E-9C7B-C8E643492FCF}"
EndProject
Global
	GlobalSection(SolutionConfigurationPlatforms) = preSolution
		Debug|Any CPU = Debug|Any CPU
		Release|Any CPU = Release|Any CPU
	EndGlobalSection
	GlobalSection(ProjectConfigurationPlatforms) = postSolution
		{4161B132-97FB-4B2E-9C7B-C8E643492FCF}.Debug|Any CPU.ActiveCfg = Debug|Any CPU
		{4161B132-97FB-4B2E-9C7B-C8E643492FCF}.Debug|Any CPU.Build.0 = Debug|Any CPU
		{4161B132-97FB-4B2E-9C7B-C8E643492FCF}.Release|Any CPU.ActiveCfg = Release|Any CPU
		{4161B132-97FB-4B2E-9C7B-C8E643492FCF}.Release|Any CPU.Build.0 = Release|Any CPU
	EndGlobalSection
	GlobalSection(SolutionProperties) = preSolution
		HideSolutionNode = FALSE
	EndGlobalSection
	GlobalSection(ExtensibilityGlobals) = postSolution
		SolutionGuid = {2C287B26-3849-49F5-81C6-A4F3D593C3C9}
	EndGlobalSection
EndGlobal
