
Microsoft Visual Studio Solution File, Format Version 12.00
# Visual Studio Version 17
VisualStudioVersion = 17.5.33530.505
MinimumVisualStudioVersion = 10.0.40219.1
Project("{FAE04EC0-301F-11D3-BF4B-00C04F79EFBC}") = "MegaDesk-Ortiz", "MegaDesk-Ortiz\MegaDesk-Ortiz.csproj", "{AB02C407-B329-45E2-BFB1-38FC007BA0B0}"
EndProject
Global
	GlobalSection(SolutionConfigurationPlatforms) = preSolution
		Debug|Any CPU = Debug|Any CPU
		Release|Any CPU = Release|Any CPU
	EndGlobalSection
	GlobalSection(ProjectConfigurationPlatforms) = postSolution
		{AB02C407-B329-45E2-BFB1-38FC007BA0B0}.Debug|Any CPU.ActiveCfg = Debug|Any CPU
		{AB02C407-B329-45E2-BFB1-38FC007BA0B0}.Debug|Any CPU.Build.0 = Debug|Any CPU
		{AB02C407-B329-45E2-BFB1-38FC007BA0B0}.Release|Any CPU.ActiveCfg = Release|Any CPU
		{AB02C407-B329-45E2-BFB1-38FC007BA0B0}.Release|Any CPU.Build.0 = Release|Any CPU
	EndGlobalSection
	GlobalSection(SolutionProperties) = preSolution
		HideSolutionNode = FALSE
	EndGlobalSection
	GlobalSection(ExtensibilityGlobals) = postSolution
		SolutionGuid = {1F6B494C-B4B8-45A3-94C2-2F9E8C24E12A}
	EndGlobalSection
EndGlobal
